
Microsoft Visual Studio Solution File, Format Version 12.00
# Visual Studio Version 17
VisualStudioVersion = 17.4.33122.133
MinimumVisualStudioVersion = 10.0.40219.1
Project("{FAE04EC0-301F-11D3-BF4B-00C04F79EFBC}") = "Vision", "Vision\Vision.csproj", "{12B56224-6B9E-4E15-9E3D-8A5FBB65F0DE}"
EndProject
Global
	GlobalSection(SolutionConfigurationPlatforms) = preSolution
		Debug|Any CPU = Debug|Any CPU
		Release|Any CPU = Release|Any CPU
	EndGlobalSection
	GlobalSection(ProjectConfigurationPlatforms) = postSolution
		{12B56224-6B9E-4E15-9E3D-8A5FBB65F0DE}.Debug|Any CPU.ActiveCfg = Debug|Any CPU
		{12B56224-6B9E-4E15-9E3D-8A5FBB65F0DE}.Debug|Any CPU.Build.0 = Debug|Any CPU
		{12B56224-6B9E-4E15-9E3D-8A5FBB65F0DE}.Release|Any CPU.ActiveCfg = Release|Any CPU
		{12B56224-6B9E-4E15-9E3D-8A5FBB65F0DE}.Release|Any CPU.Build.0 = Release|Any CPU
	EndGlobalSection
	GlobalSection(SolutionProperties) = preSolution
		HideSolutionNode = FALSE
	EndGlobalSection
	GlobalSection(ExtensibilityGlobals) = postSolution
		SolutionGuid = {5509A008-158B-40B2-9113-04B7A53ECB54}
	EndGlobalSection
EndGlobal
